
Microsoft Visual Studio Solution File, Format Version 12.00
# Visual Studio Version 17
VisualStudioVersion = 17.6.33815.320
MinimumVisualStudioVersion = 10.0.40219.1
Project("{FAE04EC0-301F-11D3-BF4B-00C04F79EFBC}") = "BulkBookWeb", "BulkBookWeb\BulkBookWeb.csproj", "{DB56DCCE-CC15-4A3C-8C6B-3E9612D5C531}"
EndProject
Global
	GlobalSection(SolutionConfigurationPlatforms) = preSolution
		Debug|Any CPU = Debug|Any CPU
		Release|Any CPU = Release|Any CPU
	EndGlobalSection
	GlobalSection(ProjectConfigurationPlatforms) = postSolution
		{DB56DCCE-CC15-4A3C-8C6B-3E9612D5C531}.Debug|Any CPU.ActiveCfg = Debug|Any CPU
		{DB56DCCE-CC15-4A3C-8C6B-3E9612D5C531}.Debug|Any CPU.Build.0 = Debug|Any CPU
		{DB56DCCE-CC15-4A3C-8C6B-3E9612D5C531}.Release|Any CPU.ActiveCfg = Release|Any CPU
		{DB56DCCE-CC15-4A3C-8C6B-3E9612D5C531}.Release|Any CPU.Build.0 = Release|Any CPU
	EndGlobalSection
	GlobalSection(SolutionProperties) = preSolution
		HideSolutionNode = FALSE
	EndGlobalSection
	GlobalSection(ExtensibilityGlobals) = postSolution
		SolutionGuid = {048E1C51-68F4-4FE8-9617-AAC1CD9A037B}
	EndGlobalSection
EndGlobal
